
Microsoft Visual Studio Solution File, Format Version 12.00
# Visual Studio Version 16
VisualStudioVersion = 16.0.30114.105
MinimumVisualStudioVersion = 10.0.40219.1
Project("{FAE04EC0-301F-11D3-BF4B-00C04F79EFBC}") = "LightQueryProfiler.WebApp", "src\LightQueryProfiler.WebApp\LightQueryProfiler.WebApp.csproj", "{EEDD20F6-D536-4576-A9C0-AA631BACA1DA}"
EndProject
Project("{FAE04EC0-301F-11D3-BF4B-00C04F79EFBC}") = "LightQueryProfiler.SharedWebUI", "src\LightQueryProfiler.SharedWebUI\LightQueryProfiler.SharedWebUI.csproj", "{80A67545-D37A-45B5-9F0F-0C68E72B726B}"
EndProject
Global
	GlobalSection(SolutionConfigurationPlatforms) = preSolution
		Debug|Any CPU = Debug|Any CPU
		Release|Any CPU = Release|Any CPU
	EndGlobalSection
	GlobalSection(SolutionProperties) = preSolution
		HideSolutionNode = FALSE
	EndGlobalSection
	GlobalSection(ProjectConfigurationPlatforms) = postSolution
		{EEDD20F6-D536-4576-A9C0-AA631BACA1DA}.Debug|Any CPU.ActiveCfg = Debug|Any CPU
		{EEDD20F6-D536-4576-A9C0-AA631BACA1DA}.Debug|Any CPU.Build.0 = Debug|Any CPU
		{EEDD20F6-D536-4576-A9C0-AA631BACA1DA}.Release|Any CPU.ActiveCfg = Release|Any CPU
		{EEDD20F6-D536-4576-A9C0-AA631BACA1DA}.Release|Any CPU.Build.0 = Release|Any CPU
		{80A67545-D37A-45B5-9F0F-0C68E72B726B}.Debug|Any CPU.ActiveCfg = Debug|Any CPU
		{80A67545-D37A-45B5-9F0F-0C68E72B726B}.Debug|Any CPU.Build.0 = Debug|Any CPU
		{80A67545-D37A-45B5-9F0F-0C68E72B726B}.Release|Any CPU.ActiveCfg = Release|Any CPU
		{80A67545-D37A-45B5-9F0F-0C68E72B726B}.Release|Any CPU.Build.0 = Release|Any CPU
	EndGlobalSection
EndGlobal
